
Microsoft Visual Studio Solution File, Format Version 12.00
# Visual Studio Version 16
VisualStudioVersion = 16.0.31702.278
MinimumVisualStudioVersion = 10.0.40219.1
Project("{9A19103F-16F7-4668-BE54-9A1E7A4F7556}") = "ConsoleApp4", "ConsoleApp4.csproj", "{14084815-41C3-4F0A-9BE0-C436FF4E6C9F}"
EndProject
Project("{2150E333-8FDC-42A3-9474-1A3956D46DE8}") = "Вопрос 2", "Вопрос 2", "{16431A29-E018-47FF-B3F4-B71F0D52A7E2}"
EndProject
Global
	GlobalSection(SolutionConfigurationPlatforms) = preSolution
		Debug|Any CPU = Debug|Any CPU
		Release|Any CPU = Release|Any CPU
	EndGlobalSection
	GlobalSection(ProjectConfigurationPlatforms) = postSolution
		{14084815-41C3-4F0A-9BE0-C436FF4E6C9F}.Debug|Any CPU.ActiveCfg = Debug|Any CPU
		{14084815-41C3-4F0A-9BE0-C436FF4E6C9F}.Debug|Any CPU.Build.0 = Debug|Any CPU
		{14084815-41C3-4F0A-9BE0-C436FF4E6C9F}.Release|Any CPU.ActiveCfg = Release|Any CPU
		{14084815-41C3-4F0A-9BE0-C436FF4E6C9F}.Release|Any CPU.Build.0 = Release|Any CPU
	EndGlobalSection
	GlobalSection(SolutionProperties) = preSolution
		HideSolutionNode = FALSE
	EndGlobalSection
	GlobalSection(NestedProjects) = preSolution
		{14084815-41C3-4F0A-9BE0-C436FF4E6C9F} = {16431A29-E018-47FF-B3F4-B71F0D52A7E2}
	EndGlobalSection
	GlobalSection(ExtensibilityGlobals) = postSolution
		SolutionGuid = {C305E711-D9C9-4147-AF1A-83A377293EA2}
	EndGlobalSection
EndGlobal
